// !$*UTF8*$!
{
	archiveVersion = 1;
	classes = {
	};
	objectVersion = 46;
	objects = {

/* Begin PBXBuildFile section */
		52E1C0FA188AE4B1006447D3 /* DDDrive.m in Sources */ = {isa = PBXBuildFile; fileRef = 52E1C0F9188AE4B1006447D3 /* DDDrive.m */; };
		52F294F11888A26D0084E0D2 /* Foundation.framework in Frameworks */ = {isa = PBXBuildFile; fileRef = 52F294F01888A26D0084E0D2 /* Foundation.framework */; };
		52F294F31888A26D0084E0D2 /* CoreGraphics.framework in Frameworks */ = {isa = PBXBuildFile; fileRef = 52F294F21888A26D0084E0D2 /* CoreGraphics.framework */; };
		52F294F51888A26D0084E0D2 /* UIKit.framework in Frameworks */ = {isa = PBXBuildFile; fileRef = 52F294F41888A26D0084E0D2 /* UIKit.framework */; };
		52F294FB1888A26D0084E0D2 /* InfoPlist.strings in Resources */ = {isa = PBXBuildFile; fileRef = 52F294F91888A26D0084E0D2 /* InfoPlist.strings */; };
		52F294FD1888A26D0084E0D2 /* main.m in Sources */ = {isa = PBXBuildFile; fileRef = 52F294FC1888A26D0084E0D2 /* main.m */; };
		52F295011888A26D0084E0D2 /* DDAppDelegate.m in Sources */ = {isa = PBXBuildFile; fileRef = 52F295001888A26D0084E0D2 /* DDAppDelegate.m */; };
		52F295041888A26D0084E0D2 /* Main.storyboard in Resources */ = {isa = PBXBuildFile; fileRef = 52F295021888A26D0084E0D2 /* Main.storyboard */; };
		52F295071888A26D0084E0D2 /* DDViewController.m in Sources */ = {isa = PBXBuildFile; fileRef = 52F295061888A26D0084E0D2 /* DDViewController.m */; };
		52F295091888A26D0084E0D2 /* Images.xcassets in Resources */ = {isa = PBXBuildFile; fileRef = 52F295081888A26D0084E0D2 /* Images.xcassets */; };
		52F295101888A26D0084E0D2 /* XCTest.framework in Frameworks */ = {isa = PBXBuildFile; fileRef = 52F2950F1888A26D0084E0D2 /* XCTest.framework */; };
		52F295111888A26D0084E0D2 /* Foundation.framework in Frameworks */ = {isa = PBXBuildFile; fileRef = 52F294F01888A26D0084E0D2 /* Foundation.framework */; };
		52F295121888A26D0084E0D2 /* UIKit.framework in Frameworks */ = {isa = PBXBuildFile; fileRef = 52F294F41888A26D0084E0D2 /* UIKit.framework */; };
		52F2951A1888A26D0084E0D2 /* InfoPlist.strings in Resources */ = {isa = PBXBuildFile; fileRef = 52F295181888A26D0084E0D2 /* InfoPlist.strings */; };
		52F2951C1888A26D0084E0D2 /* DriveDetectorTests.m in Sources */ = {isa = PBXBuildFile; fileRef = 52F2951B1888A26D0084E0D2 /* DriveDetectorTests.m */; };
		52F295271888A2950084E0D2 /* DDDriverDetector.m in Sources */ = {isa = PBXBuildFile; fileRef = 52F295261888A2950084E0D2 /* DDDriverDetector.m */; };
/* End PBXBuildFile section */

/* Begin PBXContainerItemProxy section */
		52F295131888A26D0084E0D2 /* PBXContainerItemProxy */ = {
			isa = PBXContainerItemProxy;
			containerPortal = 52F294E51888A26D0084E0D2 /* Project object */;
			proxyType = 1;
			remoteGlobalIDString = 52F294EC1888A26D0084E0D2;
			remoteInfo = DriveDetector;
		};
/* End PBXContainerItemProxy section */

/* Begin PBXFileReference section */
		52E1C0F8188AE4B1006447D3 /* DDDrive.h */ = {isa = PBXFileReference; fileEncoding = 4; lastKnownFileType = sourcecode.c.h; path = DDDrive.h; sourceTree = "<group>"; };
		52E1C0F9188AE4B1006447D3 /* DDDrive.m */ = {isa = PBXFileReference; fileEncoding = 4; lastKnownFileType = sourcecode.c.objc; path = DDDrive.m; sourceTree = "<group>"; };
		52F294ED1888A26D0084E0D2 /* DriveDetector.app */ = {isa = PBXFileReference; explicitFileType = wrapper.application; includeInIndex = 0; path = DriveDetector.app; sourceTree = BUILT_PRODUCTS_DIR; };
		52F294F01888A26D0084E0D2 /* Foundation.framework */ = {isa = PBXFileReference; lastKnownFileType = wrapper.framework; name = Foundation.framework; path = System/Library/Frameworks/Foundation.framework; sourceTree = SDKROOT; };
		52F294F21888A26D0084E0D2 /* CoreGraphics.framework */ = {isa = PBXFileReference; lastKnownFileType = wrapper.framework; name = CoreGraphics.framework; path = System/Library/Frameworks/CoreGraphics.framework; sourceTree = SDKROOT; };
		52F294F41888A26D0084E0D2 /* UIKit.framework */ = {isa = PBXFileReference; lastKnownFileType = wrapper.framework; name = UIKit.framework; path = System/Library/Frameworks/UIKit.framework; sourceTree = SDKROOT; };
		52F294F81888A26D0084E0D2 /* DriveDetector-Info.plist */ = {isa = PBXFileReference; lastKnownFileType = text.plist.xml; path = "DriveDetector-Info.plist"; sourceTree = "<group>"; };
		52F294FA1888A26D0084E0D2 /* en */ = {isa = PBXFileReference; lastKnownFileType = text.plist.strings; name = en; path = en.lproj/InfoPlist.strings; sourceTree = "<group>"; };
		52F294FC1888A26D0084E0D2 /* main.m */ = {isa = PBXFileReference; lastKnownFileType = sourcecode.c.objc; path = main.m; sourceTree = "<group>"; };
		52F294FE1888A26D0084E0D2 /* DriveDetector-Prefix.pch */ = {isa = PBXFileReference; lastKnownFileType = sourcecode.c.h; path = "DriveDetector-Prefix.pch"; sourceTree = "<group>"; };
		52F294FF1888A26D0084E0D2 /* DDAppDelegate.h */ = {isa = PBXFileReference; lastKnownFileType = sourcecode.c.h; path = DDAppDelegate.h; sourceTree = "<group>"; };
		52F295001888A26D0084E0D2 /* DDAppDelegate.m */ = {isa = PBXFileReference; lastKnownFileType = sourcecode.c.objc; path = DDAppDelegate.m; sourceTree = "<group>"; };
		52F295031888A26D0084E0D2 /* Base */ = {isa = PBXFileReference; lastKnownFileType = file.storyboard; name = Base; path = Base.lproj/Main.storyboard; sourceTree = "<group>"; };
		52F295051888A26D0084E0D2 /* DDViewController.h */ = {isa = PBXFileReference; lastKnownFileType = sourcecode.c.h; path = DDViewController.h; sourceTree = "<group>"; };
		52F295061888A26D0084E0D2 /* DDViewController.m */ = {isa = PBXFileReference; lastKnownFileType = sourcecode.c.objc; path = DDViewController.m; sourceTree = "<group>"; };
		52F295081888A26D0084E0D2 /* Images.xcassets */ = {isa = PBXFileReference; lastKnownFileType = folder.assetcatalog; path = Images.xcassets; sourceTree = "<group>"; };
		52F2950E1888A26D0084E0D2 /* DriveDetectorTests.xctest */ = {isa = PBXFileReference; explicitFileType = wrapper.cfbundle; includeInIndex = 0; path = DriveDetectorTests.xctest; sourceTree = BUILT_PRODUCTS_DIR; };
		52F2950F1888A26D0084E0D2 /* XCTest.framework */ = {isa = PBXFileReference; lastKnownFileType = wrapper.framework; name = XCTest.framework; path = Library/Frameworks/XCTest.framework; sourceTree = DEVELOPER_DIR; };
		52F295171888A26D0084E0D2 /* DriveDetectorTests-Info.plist */ = {isa = PBXFileReference; lastKnownFileType = text.plist.xml; path = "DriveDetectorTests-Info.plist"; sourceTree = "<group>"; };
		52F295191888A26D0084E0D2 /* en */ = {isa = PBXFileReference; lastKnownFileType = text.plist.strings; name = en; path = en.lproj/InfoPlist.strings; sourceTree = "<group>"; };
		52F2951B1888A26D0084E0D2 /* DriveDetectorTests.m */ = {isa = PBXFileReference; lastKnownFileType = sourcecode.c.objc; path = DriveDetectorTests.m; sourceTree = "<group>"; };
		52F295251888A2950084E0D2 /* DDDriverDetector.h */ = {isa = PBXFileReference; fileEncoding = 4; lastKnownFileType = sourcecode.c.h; path = DDDriverDetector.h; sourceTree = "<group>"; };
		52F295261888A2950084E0D2 /* DDDriverDetector.m */ = {isa = PBXFileReference; fileEncoding = 4; lastKnownFileType = sourcecode.c.objc; path = DDDriverDetector.m; sourceTree = "<group>"; };
/* End PBXFileReference section */

/* Begin PBXFrameworksBuildPhase section */
		52F294EA1888A26D0084E0D2 /* Frameworks */ = {
			isa = PBXFrameworksBuildPhase;
			buildActionMask = 2147483647;
			files = (
				52F294F31888A26D0084E0D2 /* CoreGraphics.framework in Frameworks */,
				52F294F51888A26D0084E0D2 /* UIKit.framework in Frameworks */,
				52F294F11888A26D0084E0D2 /* Foundation.framework in Frameworks */,
			);
			runOnlyForDeploymentPostprocessing = 0;
		};
		52F2950B1888A26D0084E0D2 /* Frameworks */ = {
			isa = PBXFrameworksBuildPhase;
			buildActionMask = 2147483647;
			files = (
				52F295101888A26D0084E0D2 /* XCTest.framework in Frameworks */,
				52F295121888A26D0084E0D2 /* UIKit.framework in Frameworks */,
				52F295111888A26D0084E0D2 /* Foundation.framework in Frameworks */,
			);
			runOnlyForDeploymentPostprocessing = 0;
		};
/* End PBXFrameworksBuildPhase section */

/* Begin PBXGroup section */
		52E1C0FB188B1E0D006447D3 /* Drive */ = {
			isa = PBXGroup;
			children = (
				52E1C0F8188AE4B1006447D3 /* DDDrive.h */,
				52E1C0F9188AE4B1006447D3 /* DDDrive.m */,
			);
			path = Drive;
			sourceTree = "<group>";
		};
		52F294E41888A26D0084E0D2 = {
			isa = PBXGroup;
			children = (
				52F294F61888A26D0084E0D2 /* DriveDetector */,
				52F295151888A26D0084E0D2 /* DriveDetectorTests */,
				52F294EF1888A26D0084E0D2 /* Frameworks */,
				52F294EE1888A26D0084E0D2 /* Products */,
			);
			sourceTree = "<group>";
		};
		52F294EE1888A26D0084E0D2 /* Products */ = {
			isa = PBXGroup;
			children = (
				52F294ED1888A26D0084E0D2 /* DriveDetector.app */,
				52F2950E1888A26D0084E0D2 /* DriveDetectorTests.xctest */,
			);
			name = Products;
			sourceTree = "<group>";
		};
		52F294EF1888A26D0084E0D2 /* Frameworks */ = {
			isa = PBXGroup;
			children = (
				52F294F01888A26D0084E0D2 /* Foundation.framework */,
				52F294F21888A26D0084E0D2 /* CoreGraphics.framework */,
				52F294F41888A26D0084E0D2 /* UIKit.framework */,
				52F2950F1888A26D0084E0D2 /* XCTest.framework */,
			);
			name = Frameworks;
			sourceTree = "<group>";
		};
		52F294F61888A26D0084E0D2 /* DriveDetector */ = {
			isa = PBXGroup;
			children = (
				52F295281888A29B0084E0D2 /* Location */,
				52F294FF1888A26D0084E0D2 /* DDAppDelegate.h */,
				52F295001888A26D0084E0D2 /* DDAppDelegate.m */,
				52F295021888A26D0084E0D2 /* Main.storyboard */,
				52F295051888A26D0084E0D2 /* DDViewController.h */,
				52F295061888A26D0084E0D2 /* DDViewController.m */,
				52F295081888A26D0084E0D2 /* Images.xcassets */,
				52F294F71888A26D0084E0D2 /* Supporting Files */,
			);
			path = DriveDetector;
			sourceTree = "<group>";
		};
		52F294F71888A26D0084E0D2 /* Supporting Files */ = {
			isa = PBXGroup;
			children = (
				52F294F81888A26D0084E0D2 /* DriveDetector-Info.plist */,
				52F294F91888A26D0084E0D2 /* InfoPlist.strings */,
				52F294FC1888A26D0084E0D2 /* main.m */,
				52F294FE1888A26D0084E0D2 /* DriveDetector-Prefix.pch */,
			);
			name = "Supporting Files";
			sourceTree = "<group>";
		};
		52F295151888A26D0084E0D2 /* DriveDetectorTests */ = {
			isa = PBXGroup;
			children = (
				52F2951B1888A26D0084E0D2 /* DriveDetectorTests.m */,
				52F295161888A26D0084E0D2 /* Supporting Files */,
			);
			path = DriveDetectorTests;
			sourceTree = "<group>";
		};
		52F295161888A26D0084E0D2 /* Supporting Files */ = {
			isa = PBXGroup;
			children = (
				52F295171888A26D0084E0D2 /* DriveDetectorTests-Info.plist */,
				52F295181888A26D0084E0D2 /* InfoPlist.strings */,
			);
			name = "Supporting Files";
			sourceTree = "<group>";
		};
		52F295281888A29B0084E0D2 /* Location */ = {
			isa = PBXGroup;
			children = (
				52E1C0FB188B1E0D006447D3 /* Drive */,
				52F295251888A2950084E0D2 /* DDDriverDetector.h */,
				52F295261888A2950084E0D2 /* DDDriverDetector.m */,
			);
			path = Location;
			sourceTree = "<group>";
		};
/* End PBXGroup section */

/* Begin PBXNativeTarget section */
		52F294EC1888A26D0084E0D2 /* DriveDetector */ = {
			isa = PBXNativeTarget;
			buildConfigurationList = 52F2951F1888A26D0084E0D2 /* Build configuration list for PBXNativeTarget "DriveDetector" */;
			buildPhases = (
				52F294E91888A26D0084E0D2 /* Sources */,
				52F294EA1888A26D0084E0D2 /* Frameworks */,
				52F294EB1888A26D0084E0D2 /* Resources */,
			);
			buildRules = (
			);
			dependencies = (
			);
			name = DriveDetector;
			productName = DriveDetector;
			productReference = 52F294ED1888A26D0084E0D2 /* DriveDetector.app */;
			productType = "com.apple.product-type.application";
		};
		52F2950D1888A26D0084E0D2 /* DriveDetectorTests */ = {
			isa = PBXNativeTarget;
			buildConfigurationList = 52F295221888A26D0084E0D2 /* Build configuration list for PBXNativeTarget "DriveDetectorTests" */;
			buildPhases = (
				52F2950A1888A26D0084E0D2 /* Sources */,
				52F2950B1888A26D0084E0D2 /* Frameworks */,
				52F2950C1888A26D0084E0D2 /* Resources */,
			);
			buildRules = (
			);
			dependencies = (
				52F295141888A26D0084E0D2 /* PBXTargetDependency */,
			);
			name = DriveDetectorTests;
			productName = DriveDetectorTests;
			productReference = 52F2950E1888A26D0084E0D2 /* DriveDetectorTests.xctest */;
			productType = "com.apple.product-type.bundle.unit-test";
		};
/* End PBXNativeTarget section */

/* Begin PBXProject section */
		52F294E51888A26D0084E0D2 /* Project object */ = {
			isa = PBXProject;
			attributes = {
				CLASSPREFIX = DD;
				LastUpgradeCheck = 0500;
				ORGANIZATIONNAME = "Nelson LeDuc";
				TargetAttributes = {
					52F2950D1888A26D0084E0D2 = {
						TestTargetID = 52F294EC1888A26D0084E0D2;
					};
				};
			};
			buildConfigurationList = 52F294E81888A26D0084E0D2 /* Build configuration list for PBXProject "DriveDetector" */;
			compatibilityVersion = "Xcode 3.2";
			developmentRegion = English;
			hasScannedForEncodings = 0;
			knownRegions = (
				en,
				Base,
			);
			mainGroup = 52F294E41888A26D0084E0D2;
			productRefGroup = 52F294EE1888A26D0084E0D2 /* Products */;
			projectDirPath = "";
			projectRoot = "";
			targets = (
				52F294EC1888A26D0084E0D2 /* DriveDetector */,
				52F2950D1888A26D0084E0D2 /* DriveDetectorTests */,
			);
		};
/* End PBXProject section */

/* Begin PBXResourcesBuildPhase section */
		52F294EB1888A26D0084E0D2 /* Resources */ = {
			isa = PBXResourcesBuildPhase;
			buildActionMask = 2147483647;
			files = (
				52F295091888A26D0084E0D2 /* Images.xcassets in Resources */,
				52F294FB1888A26D0084E0D2 /* InfoPlist.strings in Resources */,
				52F295041888A26D0084E0D2 /* Main.storyboard in Resources */,
			);
			runOnlyForDeploymentPostprocessing = 0;
		};
		52F2950C1888A26D0084E0D2 /* Resources */ = {
			isa = PBXResourcesBuildPhase;
			buildActionMask = 2147483647;
			files = (
				52F2951A1888A26D0084E0D2 /* InfoPlist.strings in Resources */,
			);
			runOnlyForDeploymentPostprocessing = 0;
		};
/* End PBXResourcesBuildPhase section */

/* Begin PBXSourcesBuildPhase section */
		52F294E91888A26D0084E0D2 /* Sources */ = {
			isa = PBXSourcesBuildPhase;
			buildActionMask = 2147483647;
			files = (
				52F295011888A26D0084E0D2 /* DDAppDelegate.m in Sources */,
				52E1C0FA188AE4B1006447D3 /* DDDrive.m in Sources */,
				52F295071888A26D0084E0D2 /* DDViewController.m in Sources */,
				52F294FD1888A26D0084E0D2 /* main.m in Sources */,
				52F295271888A2950084E0D2 /* DDDriverDetector.m in Sources */,
			);
			runOnlyForDeploymentPostprocessing = 0;
		};
		52F2950A1888A26D0084E0D2 /* Sources */ = {
			isa = PBXSourcesBuildPhase;
			buildActionMask = 2147483647;
			files = (
				52F2951C1888A26D0084E0D2 /* DriveDetectorTests.m in Sources */,
			);
			runOnlyForDeploymentPostprocessing = 0;
		};
/* End PBXSourcesBuildPhase section */

/* Begin PBXTargetDependency section */
		52F295141888A26D0084E0D2 /* PBXTargetDependency */ = {
			isa = PBXTargetDependency;
			target = 52F294EC1888A26D0084E0D2 /* DriveDetector */;
			targetProxy = 52F295131888A26D0084E0D2 /* PBXContainerItemProxy */;
		};
/* End PBXTargetDependency section */

/* Begin PBXVariantGroup section */
		52F294F91888A26D0084E0D2 /* InfoPlist.strings */ = {
			isa = PBXVariantGroup;
			children = (
				52F294FA1888A26D0084E0D2 /* en */,
			);
			name = InfoPlist.strings;
			sourceTree = "<group>";
		};
		52F295021888A26D0084E0D2 /* Main.storyboard */ = {
			isa = PBXVariantGroup;
			children = (
				52F295031888A26D0084E0D2 /* Base */,
			);
			name = Main.storyboard;
			sourceTree = "<group>";
		};
		52F295181888A26D0084E0D2 /* InfoPlist.strings */ = {
			isa = PBXVariantGroup;
			children = (
				52F295191888A26D0084E0D2 /* en */,
			);
			name = InfoPlist.strings;
			sourceTree = "<group>";
		};
/* End PBXVariantGroup section */

/* Begin XCBuildConfiguration section */
		52F2951D1888A26D0084E0D2 /* Debug */ = {
			isa = XCBuildConfiguration;
			buildSettings = {
				ALWAYS_SEARCH_USER_PATHS = NO;
				ARCHS = "$(ARCHS_STANDARD_INCLUDING_64_BIT)";
				CLANG_CXX_LANGUAGE_STANDARD = "gnu++0x";
				CLANG_CXX_LIBRARY = "libc++";
				CLANG_ENABLE_MODULES = YES;
				CLANG_ENABLE_OBJC_ARC = YES;
				CLANG_WARN_BOOL_CONVERSION = YES;
				CLANG_WARN_CONSTANT_CONVERSION = YES;
				CLANG_WARN_DIRECT_OBJC_ISA_USAGE = YES_ERROR;
				CLANG_WARN_EMPTY_BODY = YES;
				CLANG_WARN_ENUM_CONVERSION = YES;
				CLANG_WARN_INT_CONVERSION = YES;
				CLANG_WARN_OBJC_ROOT_CLASS = YES_ERROR;
				CLANG_WARN__DUPLICATE_METHOD_MATCH = YES;
				"CODE_SIGN_IDENTITY[sdk=iphoneos*]" = "iPhone Developer";
				COPY_PHASE_STRIP = NO;
				GCC_C_LANGUAGE_STANDARD = gnu99;
				GCC_DYNAMIC_NO_PIC = NO;
				GCC_OPTIMIZATION_LEVEL = 0;
				GCC_PREPROCESSOR_DEFINITIONS = (
					"DEBUG=1",
					"$(inherited)",
				);
				GCC_SYMBOLS_PRIVATE_EXTERN = NO;
				GCC_WARN_64_TO_32_BIT_CONVERSION = YES;
				GCC_WARN_ABOUT_RETURN_TYPE = YES_ERROR;
				GCC_WARN_UNDECLARED_SELECTOR = YES;
				GCC_WARN_UNINITIALIZED_AUTOS = YES;
				GCC_WARN_UNUSED_FUNCTION = YES;
				GCC_WARN_UNUSED_VARIABLE = YES;
				IPHONEOS_DEPLOYMENT_TARGET = 7.0;
				ONLY_ACTIVE_ARCH = YES;
				SDKROOT = iphoneos;
			};
			name = Debug;
		};
		52F2951E1888A26D0084E0D2 /* Release */ = {
			isa = XCBuildConfiguration;
			buildSettings = {
				ALWAYS_SEARCH_USER_PATHS = NO;
				ARCHS = "$(ARCHS_STANDARD_INCLUDING_64_BIT)";
				CLANG_CXX_LANGUAGE_STANDARD = "gnu++0x";
				CLANG_CXX_LIBRARY = "libc++";
				CLANG_ENABLE_MODULES = YES;
				CLANG_ENABLE_OBJC_ARC = YES;
				CLANG_WARN_BOOL_CONVERSION = YES;
				CLANG_WARN_CONSTANT_CONVERSION = YES;
				CLANG_WARN_DIRECT_OBJC_ISA_USAGE = YES_ERROR;
				CLANG_WARN_EMPTY_BODY = YES;
				CLANG_WARN_ENUM_CONVERSION = YES;
				CLANG_WARN_INT_CONVERSION = YES;
				CLANG_WARN_OBJC_ROOT_CLASS = YES_ERROR;
				CLANG_WARN__DUPLICATE_METHOD_MATCH = YES;
				"CODE_SIGN_IDENTITY[sdk=iphoneos*]" = "iPhone Developer";
				COPY_PHASE_STRIP = YES;
				ENABLE_NS_ASSERTIONS = NO;
				GCC_C_LANGUAGE_STANDARD = gnu99;
				GCC_WARN_64_TO_32_BIT_CONVERSION = YES;
				GCC_WARN_ABOUT_RETURN_TYPE = YES_ERROR;
				GCC_WARN_UNDECLARED_SELECTOR = YES;
				GCC_WARN_UNINITIALIZED_AUTOS = YES;
				GCC_WARN_UNUSED_FUNCTION = YES;
				GCC_WARN_UNUSED_VARIABLE = YES;
				IPHONEOS_DEPLOYMENT_TARGET = 7.0;
				SDKROOT = iphoneos;
				VALIDATE_PRODUCT = YES;
			};
			name = Release;
		};
		52F295201888A26D0084E0D2 /* Debug */ = {
			isa = XCBuildConfiguration;
			buildSettings = {
				ASSETCATALOG_COMPILER_APPICON_NAME = AppIcon;
				ASSETCATALOG_COMPILER_LAUNCHIMAGE_NAME = LaunchImage;
				GCC_PRECOMPILE_PREFIX_HEADER = YES;
				GCC_PREFIX_HEADER = "DriveDetector/DriveDetector-Prefix.pch";
				INFOPLIST_FILE = "DriveDetector/DriveDetector-Info.plist";
				PRODUCT_NAME = "$(TARGET_NAME)";
				WRAPPER_EXTENSION = app;
			};
			name = Debug;
		};
		52F295211888A26D0084E0D2 /* Release */ = {
			isa = XCBuildConfiguration;
			buildSettings = {
				ASSETCATALOG_COMPILER_APPICON_NAME = AppIcon;
				ASSETCATALOG_COMPILER_LAUNCHIMAGE_NAME = LaunchImage;
				GCC_PRECOMPILE_PREFIX_HEADER = YES;
				GCC_PREFIX_HEADER = "DriveDetector/DriveDetector-Prefix.pch";
				INFOPLIST_FILE = "DriveDetector/DriveDetector-Info.plist";
				PRODUCT_NAME = "$(TARGET_NAME)";
				WRAPPER_EXTENSION = app;
			};
			name = Release;
		};
		52F295231888A26D0084E0D2 /* Debug */ = {
			isa = XCBuildConfiguration;
			buildSettings = {
				ARCHS = "$(ARCHS_STANDARD_INCLUDING_64_BIT)";
				BUNDLE_LOADER = "$(BUILT_PRODUCTS_DIR)/DriveDetector.app/DriveDetector";
				FRAMEWORK_SEARCH_PATHS = (
					"$(SDKROOT)/Developer/Library/Frameworks",
					"$(inherited)",
					"$(DEVELOPER_FRAMEWORKS_DIR)",
				);
				GCC_PRECOMPILE_PREFIX_HEADER = YES;
				GCC_PREFIX_HEADER = "DriveDetector/DriveDetector-Prefix.pch";
				GCC_PREPROCESSOR_DEFINITIONS = (
					"DEBUG=1",
					"$(inherited)",
				);
				INFOPLIST_FILE = "DriveDetectorTests/DriveDetectorTests-Info.plist";
				PRODUCT_NAME = "$(TARGET_NAME)";
				TEST_HOST = "$(BUNDLE_LOADER)";
				WRAPPER_EXTENSION = xctest;
			};
			name = Debug;
		};
		52F295241888A26D0084E0D2 /* Release */ = {
			isa = XCBuildConfiguration;
			buildSettings = {
				ARCHS = "$(ARCHS_STANDARD_INCLUDING_64_BIT)";
				BUNDLE_LOADER = "$(BUILT_PRODUCTS_DIR)/DriveDetector.app/DriveDetector";
				FRAMEWORK_SEARCH_PATHS = (
					"$(SDKROOT)/Developer/Library/Frameworks",
					"$(inherited)",
					"$(DEVELOPER_FRAMEWORKS_DIR)",
				);
				GCC_PRECOMPILE_PREFIX_HEADER = YES;
				GCC_PREFIX_HEADER = "DriveDetector/DriveDetector-Prefix.pch";
				INFOPLIST_FILE = "DriveDetectorTests/DriveDetectorTests-Info.plist";
				PRODUCT_NAME = "$(TARGET_NAME)";
				TEST_HOST = "$(BUNDLE_LOADER)";
				WRAPPER_EXTENSION = xctest;
			};
			name = Release;
		};
/* End XCBuildConfiguration section */

/* Begin XCConfigurationList section */
		52F294E81888A26D0084E0D2 /* Build configuration list for PBXProject "DriveDetector" */ = {
			isa = XCConfigurationList;
			buildConfigurations = (
				52F2951D1888A26D0084E0D2 /* Debug */,
				52F2951E1888A26D0084E0D2 /* Release */,
			);
			defaultConfigurationIsVisible = 0;
			defaultConfigurationName = Release;
		};
		52F2951F1888A26D0084E0D2 /* Build configuration list for PBXNativeTarget "DriveDetector" */ = {
			isa = XCConfigurationList;
			buildConfigurations = (
				52F295201888A26D0084E0D2 /* Debug */,
				52F295211888A26D0084E0D2 /* Release */,
			);
			defaultConfigurationIsVisible = 0;
			defaultConfigurationName = Release;
		};
		52F295221888A26D0084E0D2 /* Build configuration list for PBXNativeTarget "DriveDetectorTests" */ = {
			isa = XCConfigurationList;
			buildConfigurations = (
				52F295231888A26D0084E0D2 /* Debug */,
				52F295241888A26D0084E0D2 /* Release */,
			);
			defaultConfigurationIsVisible = 0;
			defaultConfigurationName = Release;
		};
/* End XCConfigurationList section */
	};
	rootObject = 52F294E51888A26D0084E0D2 /* Project object */;
}
